
Microsoft Visual Studio Solution File, Format Version 12.00
# Visual Studio Version 17
VisualStudioVersion = 17.8.34330.188
MinimumVisualStudioVersion = 10.0.40219.1
Project("{FAE04EC0-301F-11D3-BF4B-00C04F79EFBC}") = "WpfApp3", "WpfApp3\WpfApp3.csproj", "{AEA65397-B94D-45B7-8DDD-BBE2C40B9399}"
EndProject
Global
	GlobalSection(SolutionConfigurationPlatforms) = preSolution
		Debug|Any CPU = Debug|Any CPU
		Release|Any CPU = Release|Any CPU
	EndGlobalSection
	GlobalSection(ProjectConfigurationPlatforms) = postSolution
		{AEA65397-B94D-45B7-8DDD-BBE2C40B9399}.Debug|Any CPU.ActiveCfg = Debug|Any CPU
		{AEA65397-B94D-45B7-8DDD-BBE2C40B9399}.Debug|Any CPU.Build.0 = Debug|Any CPU
		{AEA65397-B94D-45B7-8DDD-BBE2C40B9399}.Release|Any CPU.ActiveCfg = Release|Any CPU
		{AEA65397-B94D-45B7-8DDD-BBE2C40B9399}.Release|Any CPU.Build.0 = Release|Any CPU
	EndGlobalSection
	GlobalSection(SolutionProperties) = preSolution
		HideSolutionNode = FALSE
	EndGlobalSection
	GlobalSection(ExtensibilityGlobals) = postSolution
		SolutionGuid = {6273BBCC-043F-4EBF-8BD0-FA4F640553EB}
	EndGlobalSection
EndGlobal
